// !$*UTF8*$!
{
	archiveVersion = 1;
	classes = {
	};
	objectVersion = 50;
	objects = {

/* Begin PBXBuildFile section */
		0F4AD753896ED97ADB84081F /* Pods_WheelPractice.framework in Frameworks */ = {isa = PBXBuildFile; fileRef = F43C55E53C2FCFFF1F11FB49 /* Pods_WheelPractice.framework */; };
		8E655A7A26A5FA3C00A8C7AC /* AppDelegate.swift in Sources */ = {isa = PBXBuildFile; fileRef = 8E655A7926A5FA3C00A8C7AC /* AppDelegate.swift */; };
		8E655A7C26A5FA3C00A8C7AC /* SceneDelegate.swift in Sources */ = {isa = PBXBuildFile; fileRef = 8E655A7B26A5FA3C00A8C7AC /* SceneDelegate.swift */; };
		8E655A7E26A5FA3C00A8C7AC /* ViewController.swift in Sources */ = {isa = PBXBuildFile; fileRef = 8E655A7D26A5FA3C00A8C7AC /* ViewController.swift */; };
		8E655A8126A5FA3C00A8C7AC /* Main.storyboard in Resources */ = {isa = PBXBuildFile; fileRef = 8E655A7F26A5FA3C00A8C7AC /* Main.storyboard */; };
		8E655A8326A5FA3E00A8C7AC /* Assets.xcassets in Resources */ = {isa = PBXBuildFile; fileRef = 8E655A8226A5FA3E00A8C7AC /* Assets.xcassets */; };
		8E655A8626A5FA3E00A8C7AC /* LaunchScreen.storyboard in Resources */ = {isa = PBXBuildFile; fileRef = 8E655A8426A5FA3E00A8C7AC /* LaunchScreen.storyboard */; };
/* End PBXBuildFile section */

/* Begin PBXFileReference section */
		5F9A02E54C4AEA7FAE5038FA /* Pods-WheelPractice.release.xcconfig */ = {isa = PBXFileReference; includeInIndex = 1; lastKnownFileType = text.xcconfig; name = "Pods-WheelPractice.release.xcconfig"; path = "Target Support Files/Pods-WheelPractice/Pods-WheelPractice.release.xcconfig"; sourceTree = "<group>"; };
		8E655A7626A5FA3C00A8C7AC /* WheelPractice.app */ = {isa = PBXFileReference; explicitFileType = wrapper.application; includeInIndex = 0; path = WheelPractice.app; sourceTree = BUILT_PRODUCTS_DIR; };
		8E655A7926A5FA3C00A8C7AC /* AppDelegate.swift */ = {isa = PBXFileReference; lastKnownFileType = sourcecode.swift; path = AppDelegate.swift; sourceTree = "<group>"; };
		8E655A7B26A5FA3C00A8C7AC /* SceneDelegate.swift */ = {isa = PBXFileReference; lastKnownFileType = sourcecode.swift; path = SceneDelegate.swift; sourceTree = "<group>"; };
		8E655A7D26A5FA3C00A8C7AC /* ViewController.swift */ = {isa = PBXFileReference; lastKnownFileType = sourcecode.swift; path = ViewController.swift; sourceTree = "<group>"; };
		8E655A8026A5FA3C00A8C7AC /* Base */ = {isa = PBXFileReference; lastKnownFileType = file.storyboard; name = Base; path = Base.lproj/Main.storyboard; sourceTree = "<group>"; };
		8E655A8226A5FA3E00A8C7AC /* Assets.xcassets */ = {isa = PBXFileReference; lastKnownFileType = folder.assetcatalog; path = Assets.xcassets; sourceTree = "<group>"; };
		8E655A8526A5FA3E00A8C7AC /* Base */ = {isa = PBXFileReference; lastKnownFileType = file.storyboard; name = Base; path = Base.lproj/LaunchScreen.storyboard; sourceTree = "<group>"; };
		8E655A8726A5FA3E00A8C7AC /* Info.plist */ = {isa = PBXFileReference; lastKnownFileType = text.plist.xml; path = Info.plist; sourceTree = "<group>"; };
		D45E33D957D026277CB21379 /* Pods-WheelPractice.debug.xcconfig */ = {isa = PBXFileReference; includeInIndex = 1; lastKnownFileType = text.xcconfig; name = "Pods-WheelPractice.debug.xcconfig"; path = "Target Support Files/Pods-WheelPractice/Pods-WheelPractice.debug.xcconfig"; sourceTree = "<group>"; };
		F43C55E53C2FCFFF1F11FB49 /* Pods_WheelPractice.framework */ = {isa = PBXFileReference; explicitFileType = wrapper.framework; includeInIndex = 0; path = Pods_WheelPractice.framework; sourceTree = BUILT_PRODUCTS_DIR; };
/* End PBXFileReference section */

/* Begin PBXFrameworksBuildPhase section */
		8E655A7326A5FA3C00A8C7AC /* Frameworks */ = {
			isa = PBXFrameworksBuildPhase;
			buildActionMask = 2147483647;
			files = (
				0F4AD753896ED97ADB84081F /* Pods_WheelPractice.framework in Frameworks */,
			);
			runOnlyForDeploymentPostprocessing = 0;
		};
/* End PBXFrameworksBuildPhase section */

/* Begin PBXGroup section */
		1D12B1BF144CB5C3CD76FA41 /* Frameworks */ = {
			isa = PBXGroup;
			children = (
				F43C55E53C2FCFFF1F11FB49 /* Pods_WheelPractice.framework */,
			);
			name = Frameworks;
			sourceTree = "<group>";
		};
		8E655A6D26A5FA3C00A8C7AC = {
			isa = PBXGroup;
			children = (
				8E655A7826A5FA3C00A8C7AC /* WheelPractice */,
				8E655A7726A5FA3C00A8C7AC /* Products */,
				F1557D79ECA32C547C084A89 /* Pods */,
				1D12B1BF144CB5C3CD76FA41 /* Frameworks */,
			);
			sourceTree = "<group>";
		};
		8E655A7726A5FA3C00A8C7AC /* Products */ = {
			isa = PBXGroup;
			children = (
				8E655A7626A5FA3C00A8C7AC /* WheelPractice.app */,
			);
			name = Products;
			sourceTree = "<group>";
		};
		8E655A7826A5FA3C00A8C7AC /* WheelPractice */ = {
			isa = PBXGroup;
			children = (
				8E655A7926A5FA3C00A8C7AC /* AppDelegate.swift */,
				8E655A7B26A5FA3C00A8C7AC /* SceneDelegate.swift */,
				8E655A7D26A5FA3C00A8C7AC /* ViewController.swift */,
				8E655A7F26A5FA3C00A8C7AC /* Main.storyboard */,
				8E655A8226A5FA3E00A8C7AC /* Assets.xcassets */,
				8E655A8426A5FA3E00A8C7AC /* LaunchScreen.storyboard */,
				8E655A8726A5FA3E00A8C7AC /* Info.plist */,
			);
			path = WheelPractice;
			sourceTree = "<group>";
		};
		F1557D79ECA32C547C084A89 /* Pods */ = {
			isa = PBXGroup;
			children = (
				D45E33D957D026277CB21379 /* Pods-WheelPractice.debug.xcconfig */,
				5F9A02E54C4AEA7FAE5038FA /* Pods-WheelPractice.release.xcconfig */,
			);
			name = Pods;
			path = Pods;
			sourceTree = "<group>";
		};
/* End PBXGroup section */

/* Begin PBXNativeTarget section */
		8E655A7526A5FA3C00A8C7AC /* WheelPractice */ = {
			isa = PBXNativeTarget;
			buildConfigurationList = 8E655A8A26A5FA3E00A8C7AC /* Build configuration list for PBXNativeTarget "WheelPractice" */;
			buildPhases = (
				82B30FE345B2B35BB52707A1 /* [CP] Check Pods Manifest.lock */,
				8E655A7226A5FA3C00A8C7AC /* Sources */,
				8E655A7326A5FA3C00A8C7AC /* Frameworks */,
				8E655A7426A5FA3C00A8C7AC /* Resources */,
				F08AFFA7831545060B215628 /* [CP] Embed Pods Frameworks */,
			);
			buildRules = (
			);
			dependencies = (
			);
			name = WheelPractice;
			productName = WheelPractice;
			productReference = 8E655A7626A5FA3C00A8C7AC /* WheelPractice.app */;
			productType = "com.apple.product-type.application";
		};
/* End PBXNativeTarget section */

/* Begin PBXProject section */
		8E655A6E26A5FA3C00A8C7AC /* Project object */ = {
			isa = PBXProject;
			attributes = {
				LastSwiftUpdateCheck = 1250;
				LastUpgradeCheck = 1250;
				TargetAttributes = {
					8E655A7526A5FA3C00A8C7AC = {
						CreatedOnToolsVersion = 12.5.1;
					};
				};
			};
			buildConfigurationList = 8E655A7126A5FA3C00A8C7AC /* Build configuration list for PBXProject "WheelPractice" */;
			compatibilityVersion = "Xcode 9.3";
			developmentRegion = en;
			hasScannedForEncodings = 0;
			knownRegions = (
				en,
				Base,
			);
			mainGroup = 8E655A6D26A5FA3C00A8C7AC;
			productRefGroup = 8E655A7726A5FA3C00A8C7AC /* Products */;
			projectDirPath = "";
			projectRoot = "";
			targets = (
				8E655A7526A5FA3C00A8C7AC /* WheelPractice */,
			);
		};
/* End PBXProject section */

/* Begin PBXResourcesBuildPhase section */
		8E655A7426A5FA3C00A8C7AC /* Resources */ = {
			isa = PBXResourcesBuildPhase;
			buildActionMask = 2147483647;
			files = (
				8E655A8626A5FA3E00A8C7AC /* LaunchScreen.storyboard in Resources */,
				8E655A8326A5FA3E00A8C7AC /* Assets.xcassets in Resources */,
				8E655A8126A5FA3C00A8C7AC /* Main.storyboard in Resources */,
			);
			runOnlyForDeploymentPostprocessing = 0;
		};
/* End PBXResourcesBuildPhase section */

/* Begin PBXShellScriptBuildPhase section */
		82B30FE345B2B35BB52707A1 /* [CP] Check Pods Manifest.lock */ = {
			isa = PBXShellScriptBuildPhase;
			buildActionMask = 2147483647;
			files = (
			);
			inputFileListPaths = (
			);
			inputPaths = (
				"${PODS_PODFILE_DIR_PATH}/Podfile.lock",
				"${PODS_ROOT}/Manifest.lock",
			);
			name = "[CP] Check Pods Manifest.lock";
			outputFileListPaths = (
			);
			outputPaths = (
				"$(DERIVED_FILE_DIR)/Pods-WheelPractice-checkManifestLockResult.txt",
			);
			runOnlyForDeploymentPostprocessing = 0;
			shellPath = /bin/sh;
			shellScript = "diff \"${PODS_PODFILE_DIR_PATH}/Podfile.lock\" \"${PODS_ROOT}/Manifest.lock\" > /dev/null\nif [ $? != 0 ] ; then\n    # print error to STDERR\n    echo \"error: The sandbox is not in sync with the Podfile.lock. Run 'pod install' or update your CocoaPods installation.\" >&2\n    exit 1\nfi\n# This output is used by Xcode 'outputs' to avoid re-running this script phase.\necho \"SUCCESS\" > \"${SCRIPT_OUTPUT_FILE_0}\"\n";
			showEnvVarsInLog = 0;
		};
		F08AFFA7831545060B215628 /* [CP] Embed Pods Frameworks */ = {
			isa = PBXShellScriptBuildPhase;
			buildActionMask = 2147483647;
			files = (
			);
			inputFileListPaths = (
				"${PODS_ROOT}/Target Support Files/Pods-WheelPractice/Pods-WheelPractice-frameworks-${CONFIGURATION}-input-files.xcfilelist",
			);
			name = "[CP] Embed Pods Frameworks";
			outputFileListPaths = (
				"${PODS_ROOT}/Target Support Files/Pods-WheelPractice/Pods-WheelPractice-frameworks-${CONFIGURATION}-output-files.xcfilelist",
			);
			runOnlyForDeploymentPostprocessing = 0;
			shellPath = /bin/sh;
			shellScript = "\"${PODS_ROOT}/Target Support Files/Pods-WheelPractice/Pods-WheelPractice-frameworks.sh\"\n";
			showEnvVarsInLog = 0;
		};
/* End PBXShellScriptBuildPhase section */

/* Begin PBXSourcesBuildPhase section */
		8E655A7226A5FA3C00A8C7AC /* Sources */ = {
			isa = PBXSourcesBuildPhase;
			buildActionMask = 2147483647;
			files = (
				8E655A7E26A5FA3C00A8C7AC /* ViewController.swift in Sources */,
				8E655A7A26A5FA3C00A8C7AC /* AppDelegate.swift in Sources */,
				8E655A7C26A5FA3C00A8C7AC /* SceneDelegate.swift in Sources */,
			);
			runOnlyForDeploymentPostprocessing = 0;
		};
/* End PBXSourcesBuildPhase section */

/* Begin PBXVariantGroup section */
		8E655A7F26A5FA3C00A8C7AC /* Main.storyboard */ = {
			isa = PBXVariantGroup;
			children = (
				8E655A8026A5FA3C00A8C7AC /* Base */,
			);
			name = Main.storyboard;
			sourceTree = "<group>";
		};
		8E655A8426A5FA3E00A8C7AC /* LaunchScreen.storyboard */ = {
			isa = PBXVariantGroup;
			children = (
				8E655A8526A5FA3E00A8C7AC /* Base */,
			);
			name = LaunchScreen.storyboard;
			sourceTree = "<group>";
		};
/* End PBXVariantGroup section */

/* Begin XCBuildConfiguration section */
		8E655A8826A5FA3E00A8C7AC /* Debug */ = {
			isa = XCBuildConfiguration;
			buildSettings = {
				ALWAYS_SEARCH_USER_PATHS = NO;
				CLANG_ANALYZER_NONNULL = YES;
				CLANG_ANALYZER_NUMBER_OBJECT_CONVERSION = YES_AGGRESSIVE;
				CLANG_CXX_LANGUAGE_STANDARD = "gnu++14";
				CLANG_CXX_LIBRARY = "libc++";
				CLANG_ENABLE_MODULES = YES;
				CLANG_ENABLE_OBJC_ARC = YES;
				CLANG_ENABLE_OBJC_WEAK = YES;
				CLANG_WARN_BLOCK_CAPTURE_AUTORELEASING = YES;
				CLANG_WARN_BOOL_CONVERSION = YES;
				CLANG_WARN_COMMA = YES;
				CLANG_WARN_CONSTANT_CONVERSION = YES;
				CLANG_WARN_DEPRECATED_OBJC_IMPLEMENTATIONS = YES;
				CLANG_WARN_DIRECT_OBJC_ISA_USAGE = YES_ERROR;
				CLANG_WARN_DOCUMENTATION_COMMENTS = YES;
				CLANG_WARN_EMPTY_BODY = YES;
				CLANG_WARN_ENUM_CONVERSION = YES;
				CLANG_WARN_INFINITE_RECURSION = YES;
				CLANG_WARN_INT_CONVERSION = YES;
				CLANG_WARN_NON_LITERAL_NULL_CONVERSION = YES;
				CLANG_WARN_OBJC_IMPLICIT_RETAIN_SELF = YES;
				CLANG_WARN_OBJC_LITERAL_CONVERSION = YES;
				CLANG_WARN_OBJC_ROOT_CLASS = YES_ERROR;
				CLANG_WARN_QUOTED_INCLUDE_IN_FRAMEWORK_HEADER = YES;
				CLANG_WARN_RANGE_LOOP_ANALYSIS = YES;
				CLANG_WARN_STRICT_PROTOTYPES = YES;
				CLANG_WARN_SUSPICIOUS_MOVE = YES;
				CLANG_WARN_UNGUARDED_AVAILABILITY = YES_AGGRESSIVE;
				CLANG_WARN_UNREACHABLE_CODE = YES;
				CLANG_WARN__DUPLICATE_METHOD_MATCH = YES;
				COPY_PHASE_STRIP = NO;
				DEBUG_INFORMATION_FORMAT = dwarf;
				ENABLE_STRICT_OBJC_MSGSEND = YES;
				ENABLE_TESTABILITY = YES;
				GCC_C_LANGUAGE_STANDARD = gnu11;
				GCC_DYNAMIC_NO_PIC = NO;
				GCC_NO_COMMON_BLOCKS = YES;
				GCC_OPTIMIZATION_LEVEL = 0;
				GCC_PREPROCESSOR_DEFINITIONS = (
					"DEBUG=1",
					"$(inherited)",
				);
				GCC_WARN_64_TO_32_BIT_CONVERSION = YES;
				GCC_WARN_ABOUT_RETURN_TYPE = YES_ERROR;
				GCC_WARN_UNDECLARED_SELECTOR = YES;
				GCC_WARN_UNINITIALIZED_AUTOS = YES_AGGRESSIVE;
				GCC_WARN_UNUSED_FUNCTION = YES;
				GCC_WARN_UNUSED_VARIABLE = YES;
				IPHONEOS_DEPLOYMENT_TARGET = 14.5;
				MTL_ENABLE_DEBUG_INFO = INCLUDE_SOURCE;
				MTL_FAST_MATH = YES;
				ONLY_ACTIVE_ARCH = YES;
				SDKROOT = iphoneos;
				SWIFT_ACTIVE_COMPILATION_CONDITIONS = DEBUG;
				SWIFT_OPTIMIZATION_LEVEL = "-Onone";
			};
			name = Debug;
		};
		8E655A8926A5FA3E00A8C7AC /* Release */ = {
			isa = XCBuildConfiguration;
			buildSettings = {
				ALWAYS_SEARCH_USER_PATHS = NO;
				CLANG_ANALYZER_NONNULL = YES;
				CLANG_ANALYZER_NUMBER_OBJECT_CONVERSION = YES_AGGRESSIVE;
				CLANG_CXX_LANGUAGE_STANDARD = "gnu++14";
				CLANG_CXX_LIBRARY = "libc++";
				CLANG_ENABLE_MODULES = YES;
				CLANG_ENABLE_OBJC_ARC = YES;
				CLANG_ENABLE_OBJC_WEAK = YES;
				CLANG_WARN_BLOCK_CAPTURE_AUTORELEASING = YES;
				CLANG_WARN_BOOL_CONVERSION = YES;
				CLANG_WARN_COMMA = YES;
				CLANG_WARN_CONSTANT_CONVERSION = YES;
				CLANG_WARN_DEPRECATED_OBJC_IMPLEMENTATIONS = YES;
				CLANG_WARN_DIRECT_OBJC_ISA_USAGE = YES_ERROR;
				CLANG_WARN_DOCUMENTATION_COMMENTS = YES;
				CLANG_WARN_EMPTY_BODY = YES;
				CLANG_WARN_ENUM_CONVERSION = YES;
				CLANG_WARN_INFINITE_RECURSION = YES;
				CLANG_WARN_INT_CONVERSION = YES;
				CLANG_WARN_NON_LITERAL_NULL_CONVERSION = YES;
				CLANG_WARN_OBJC_IMPLICIT_RETAIN_SELF = YES;
				CLANG_WARN_OBJC_LITERAL_CONVERSION = YES;
				CLANG_WARN_OBJC_ROOT_CLASS = YES_ERROR;
				CLANG_WARN_QUOTED_INCLUDE_IN_FRAMEWORK_HEADER = YES;
				CLANG_WARN_RANGE_LOOP_ANALYSIS = YES;
				CLANG_WARN_STRICT_PROTOTYPES = YES;
				CLANG_WARN_SUSPICIOUS_MOVE = YES;
				CLANG_WARN_UNGUARDED_AVAILABILITY = YES_AGGRESSIVE;
				CLANG_WARN_UNREACHABLE_CODE = YES;
				CLANG_WARN__DUPLICATE_METHOD_MATCH = YES;
				COPY_PHASE_STRIP = NO;
				DEBUG_INFORMATION_FORMAT = "dwarf-with-dsym";
				ENABLE_NS_ASSERTIONS = NO;
				ENABLE_STRICT_OBJC_MSGSEND = YES;
				GCC_C_LANGUAGE_STANDARD = gnu11;
				GCC_NO_COMMON_BLOCKS = YES;
				GCC_WARN_64_TO_32_BIT_CONVERSION = YES;
				GCC_WARN_ABOUT_RETURN_TYPE = YES_ERROR;
				GCC_WARN_UNDECLARED_SELECTOR = YES;
				GCC_WARN_UNINITIALIZED_AUTOS = YES_AGGRESSIVE;
				GCC_WARN_UNUSED_FUNCTION = YES;
				GCC_WARN_UNUSED_VARIABLE = YES;
				IPHONEOS_DEPLOYMENT_TARGET = 14.5;
				MTL_ENABLE_DEBUG_INFO = NO;
				MTL_FAST_MATH = YES;
				SDKROOT = iphoneos;
				SWIFT_COMPILATION_MODE = wholemodule;
				SWIFT_OPTIMIZATION_LEVEL = "-O";
				VALIDATE_PRODUCT = YES;
			};
			name = Release;
		};
		8E655A8B26A5FA3E00A8C7AC /* Debug */ = {
			isa = XCBuildConfiguration;
			baseConfigurationReference = D45E33D957D026277CB21379 /* Pods-WheelPractice.debug.xcconfig */;
			buildSettings = {
				ASSETCATALOG_COMPILER_APPICON_NAME = AppIcon;
				ASSETCATALOG_COMPILER_GLOBAL_ACCENT_COLOR_NAME = AccentColor;
				CODE_SIGN_STYLE = Automatic;
				DEVELOPMENT_TEAM = KA3ACSM694;
				INFOPLIST_FILE = WheelPractice/Info.plist;
				LD_RUNPATH_SEARCH_PATHS = (
					"$(inherited)",
					"@executable_path/Frameworks",
				);
				PRODUCT_BUNDLE_IDENTIFIER = com.tiffanysakaguchi.WheelPractice;
				PRODUCT_NAME = "$(TARGET_NAME)";
				SWIFT_VERSION = 5.0;
				TARGETED_DEVICE_FAMILY = "1,2";
			};
			name = Debug;
		};
		8E655A8C26A5FA3E00A8C7AC /* Release */ = {
			isa = XCBuildConfiguration;
			baseConfigurationReference = 5F9A02E54C4AEA7FAE5038FA /* Pods-WheelPractice.release.xcconfig */;
			buildSettings = {
				ASSETCATALOG_COMPILER_APPICON_NAME = AppIcon;
				ASSETCATALOG_COMPILER_GLOBAL_ACCENT_COLOR_NAME = AccentColor;
				CODE_SIGN_STYLE = Automatic;
				DEVELOPMENT_TEAM = KA3ACSM694;
				INFOPLIST_FILE = WheelPractice/Info.plist;
				LD_RUNPATH_SEARCH_PATHS = (
					"$(inherited)",
					"@executable_path/Frameworks",
				);
				PRODUCT_BUNDLE_IDENTIFIER = com.tiffanysakaguchi.WheelPractice;
				PRODUCT_NAME = "$(TARGET_NAME)";
				SWIFT_VERSION = 5.0;
				TARGETED_DEVICE_FAMILY = "1,2";
			};
			name = Release;
		};
/* End XCBuildConfiguration section */

/* Begin XCConfigurationList section */
		8E655A7126A5FA3C00A8C7AC /* Build configuration list for PBXProject "WheelPractice" */ = {
			isa = XCConfigurationList;
			buildConfigurations = (
				8E655A8826A5FA3E00A8C7AC /* Debug */,
				8E655A8926A5FA3E00A8C7AC /* Release */,
			);
			defaultConfigurationIsVisible = 0;
			defaultConfigurationName = Release;
		};
		8E655A8A26A5FA3E00A8C7AC /* Build configuration list for PBXNativeTarget "WheelPractice" */ = {
			isa = XCConfigurationList;
			buildConfigurations = (
				8E655A8B26A5FA3E00A8C7AC /* Debug */,
				8E655A8C26A5FA3E00A8C7AC /* Release */,
			);
			defaultConfigurationIsVisible = 0;
			defaultConfigurationName = Release;
		};
/* End XCConfigurationList section */
	};
	rootObject = 8E655A6E26A5FA3C00A8C7AC /* Project object */;
}
